
Microsoft Visual Studio Solution File, Format Version 12.00
# Visual Studio Version 17
VisualStudioVersion = 17.5.33627.172
MinimumVisualStudioVersion = 10.0.40219.1
Project("{2150E333-8FDC-42A3-9474-1A3956D46DE8}") = "Services", "Services", "{671B1F24-AE30-4F03-8A35-7F139E8FE9F8}"
EndProject
Project("{2150E333-8FDC-42A3-9474-1A3956D46DE8}") = "Catalog", "Catalog", "{403FB1A3-82FD-4AE7-BDE1-464540800639}"
EndProject
Project("{FAE04EC0-301F-11D3-BF4B-00C04F79EFBC}") = "Catalog.Api", "Services\Catalog\Catalog.Api\Catalog.Api.csproj", "{6FC52794-03DB-4EDF-BA31-53FFCF7BA88A}"
EndProject
Global
	GlobalSection(SolutionConfigurationPlatforms) = preSolution
		Debug|Any CPU = Debug|Any CPU
		Release|Any CPU = Release|Any CPU
	EndGlobalSection
	GlobalSection(ProjectConfigurationPlatforms) = postSolution
		{6FC52794-03DB-4EDF-BA31-53FFCF7BA88A}.Debug|Any CPU.ActiveCfg = Debug|Any CPU
		{6FC52794-03DB-4EDF-BA31-53FFCF7BA88A}.Debug|Any CPU.Build.0 = Debug|Any CPU
		{6FC52794-03DB-4EDF-BA31-53FFCF7BA88A}.Release|Any CPU.ActiveCfg = Release|Any CPU
		{6FC52794-03DB-4EDF-BA31-53FFCF7BA88A}.Release|Any CPU.Build.0 = Release|Any CPU
	EndGlobalSection
	GlobalSection(SolutionProperties) = preSolution
		HideSolutionNode = FALSE
	EndGlobalSection
	GlobalSection(NestedProjects) = preSolution
		{403FB1A3-82FD-4AE7-BDE1-464540800639} = {671B1F24-AE30-4F03-8A35-7F139E8FE9F8}
		{6FC52794-03DB-4EDF-BA31-53FFCF7BA88A} = {403FB1A3-82FD-4AE7-BDE1-464540800639}
	EndGlobalSection
	GlobalSection(ExtensibilityGlobals) = postSolution
		SolutionGuid = {BEF6DBD7-CB1C-471B-8093-9A7F648164FE}
	EndGlobalSection
EndGlobal
